{
  "name": "GcodeParser",
  "lockfileVersion": 3,
  "requires": true,
  "packages": {
    "": {
      "dependencies": {
        "gcode-toolpath": "^3.0.0"
      }
    },
    "node_modules/gcode-interpreter": {
      "version": "3.0.0",
      "resolved": "https://registry.npmjs.org/gcode-interpreter/-/gcode-interpreter-3.0.0.tgz",
      "integrity": "sha512-4GDLQpflU1e7tcj0vjxKB76y2fMdlU5X01PVbSGoNoiekS8HsPXLEAdJJI1CGwNToNJq1SLolGQaA9c7xmWjNQ==",
      "license": "MIT",
      "dependencies": {
        "gcode-parser": "^2.0.0"
      }
    },
    "node_modules/gcode-parser": {
      "version": "2.2.0",
      "resolved": "https://registry.npmjs.org/gcode-parser/-/gcode-parser-2.2.0.tgz",
      "integrity": "sha512-7h8P9+NEdOxpIaEQ3TIlRQow5Lh/cwJj6hDCO54wQRd4PZwd9BDNE+OLKgVT93/of2zF20bVIpoijrWI9LnUBw==",
      "license": "MIT"
    },
    "node_modules/gcode-toolpath": {
      "version": "3.0.0",
      "resolved": "https://registry.npmjs.org/gcode-toolpath/-/gcode-toolpath-3.0.0.tgz",
      "integrity": "sha512-ofXsBt+rpdOB+G8Gak+THq9jwFfl4snjrGQupvNdvvqiJDGXnBrE4Wqoc3WIVDRXXvspUvOMwA3C6THH51Ge3A==",
      "license": "MIT",
      "dependencies": {
        "gcode-interpreter": "^3.0.0"
      },
      "engines": {
        "node": ">=4"
      }
    }
  }
}
